
Microsoft Visual Studio Solution File, Format Version 12.00
Project("{F2A71F9B-5D33-465A-A702-920D77279786}") = "domain", "domain\domain.fsproj", "{405C4A26-7C38-4E15-B65C-88343D062621}"
EndProject
Project("{F2A71F9B-5D33-465A-A702-920D77279786}") = "domain.test", "domain.test\domain.test.fsproj", "{CC1601F1-7903-4F26-93B9-E91A06422901}"
EndProject
Project("{F2A71F9B-5D33-465A-A702-920D77279786}") = "api", "api\api.fsproj", "{9D39FAB8-CD3C-4EF1-AB1B-5AFE4CEA6EDA}"
EndProject
Project("{F2A71F9B-5D33-465A-A702-920D77279786}") = "api.test", "api.test\api.test.fsproj", "{895792B6-F236-4C3D-A870-812BB732853A}"
EndProject
Project("{F2A71F9B-5D33-465A-A702-920D77279786}") = "webapp", "webapp\webapp.fsproj", "{5FF4AA2E-9D09-4F78-9FA7-DA7EC9EA2DEF}"
EndProject
Global
	GlobalSection(SolutionConfigurationPlatforms) = preSolution
		Debug|Any CPU = Debug|Any CPU
		Release|Any CPU = Release|Any CPU
	EndGlobalSection
	GlobalSection(ProjectConfigurationPlatforms) = postSolution
		{405C4A26-7C38-4E15-B65C-88343D062621}.Debug|Any CPU.ActiveCfg = Debug|Any CPU
		{405C4A26-7C38-4E15-B65C-88343D062621}.Debug|Any CPU.Build.0 = Debug|Any CPU
		{405C4A26-7C38-4E15-B65C-88343D062621}.Release|Any CPU.ActiveCfg = Release|Any CPU
		{405C4A26-7C38-4E15-B65C-88343D062621}.Release|Any CPU.Build.0 = Release|Any CPU
		{CC1601F1-7903-4F26-93B9-E91A06422901}.Debug|Any CPU.ActiveCfg = Debug|Any CPU
		{CC1601F1-7903-4F26-93B9-E91A06422901}.Debug|Any CPU.Build.0 = Debug|Any CPU
		{CC1601F1-7903-4F26-93B9-E91A06422901}.Release|Any CPU.ActiveCfg = Release|Any CPU
		{CC1601F1-7903-4F26-93B9-E91A06422901}.Release|Any CPU.Build.0 = Release|Any CPU
		{9D39FAB8-CD3C-4EF1-AB1B-5AFE4CEA6EDA}.Debug|Any CPU.ActiveCfg = Debug|Any CPU
		{9D39FAB8-CD3C-4EF1-AB1B-5AFE4CEA6EDA}.Debug|Any CPU.Build.0 = Debug|Any CPU
		{9D39FAB8-CD3C-4EF1-AB1B-5AFE4CEA6EDA}.Release|Any CPU.ActiveCfg = Release|Any CPU
		{9D39FAB8-CD3C-4EF1-AB1B-5AFE4CEA6EDA}.Release|Any CPU.Build.0 = Release|Any CPU
		{895792B6-F236-4C3D-A870-812BB732853A}.Debug|Any CPU.ActiveCfg = Debug|Any CPU
		{895792B6-F236-4C3D-A870-812BB732853A}.Debug|Any CPU.Build.0 = Debug|Any CPU
		{895792B6-F236-4C3D-A870-812BB732853A}.Release|Any CPU.ActiveCfg = Release|Any CPU
		{895792B6-F236-4C3D-A870-812BB732853A}.Release|Any CPU.Build.0 = Release|Any CPU
		{5FF4AA2E-9D09-4F78-9FA7-DA7EC9EA2DEF}.Debug|Any CPU.ActiveCfg = Debug|Any CPU
		{5FF4AA2E-9D09-4F78-9FA7-DA7EC9EA2DEF}.Debug|Any CPU.Build.0 = Debug|Any CPU
		{5FF4AA2E-9D09-4F78-9FA7-DA7EC9EA2DEF}.Release|Any CPU.ActiveCfg = Release|Any CPU
		{5FF4AA2E-9D09-4F78-9FA7-DA7EC9EA2DEF}.Release|Any CPU.Build.0 = Release|Any CPU
	EndGlobalSection
EndGlobal
